
Microsoft Visual Studio Solution File, Format Version 12.00
# Visual Studio 15
VisualStudioVersion = 15.0.28307.1000
MinimumVisualStudioVersion = 10.0.40219.1
Project("{FAE04EC0-301F-11D3-BF4B-00C04F79EFBC}") = "MovieApp", "MovieApp\MovieApp.csproj", "{28B2F862-0B83-4B33-8E06-F002C44C79F0}"
EndProject
Global
	GlobalSection(SolutionConfigurationPlatforms) = preSolution
		Debug|Any CPU = Debug|Any CPU
		Release|Any CPU = Release|Any CPU
	EndGlobalSection
	GlobalSection(ProjectConfigurationPlatforms) = postSolution
		{28B2F862-0B83-4B33-8E06-F002C44C79F0}.Debug|Any CPU.ActiveCfg = Debug|Any CPU
		{28B2F862-0B83-4B33-8E06-F002C44C79F0}.Debug|Any CPU.Build.0 = Debug|Any CPU
		{28B2F862-0B83-4B33-8E06-F002C44C79F0}.Release|Any CPU.ActiveCfg = Release|Any CPU
		{28B2F862-0B83-4B33-8E06-F002C44C79F0}.Release|Any CPU.Build.0 = Release|Any CPU
	EndGlobalSection
	GlobalSection(SolutionProperties) = preSolution
		HideSolutionNode = FALSE
	EndGlobalSection
	GlobalSection(ExtensibilityGlobals) = postSolution
		SolutionGuid = {D5F8CB19-9437-4505-A911-53E7F7C44237}
	EndGlobalSection
EndGlobal
